
Microsoft Visual Studio Solution File, Format Version 12.00
# Visual Studio 15
VisualStudioVersion = 15.0.27703.2026
MinimumVisualStudioVersion = 10.0.40219.1
Project("{FAE04EC0-301F-11D3-BF4B-00C04F79EFBC}") = "RestfulAPITest", "RestfulAPITest\RestfulAPITest.csproj", "{67A4E5E3-89D1-4616-839C-B029F5338619}"
EndProject
Global
	GlobalSection(SolutionConfigurationPlatforms) = preSolution
		Debug|Any CPU = Debug|Any CPU
		Release|Any CPU = Release|Any CPU
	EndGlobalSection
	GlobalSection(ProjectConfigurationPlatforms) = postSolution
		{67A4E5E3-89D1-4616-839C-B029F5338619}.Debug|Any CPU.ActiveCfg = Debug|Any CPU
		{67A4E5E3-89D1-4616-839C-B029F5338619}.Debug|Any CPU.Build.0 = Debug|Any CPU
		{67A4E5E3-89D1-4616-839C-B029F5338619}.Release|Any CPU.ActiveCfg = Release|Any CPU
		{67A4E5E3-89D1-4616-839C-B029F5338619}.Release|Any CPU.Build.0 = Release|Any CPU
	EndGlobalSection
	GlobalSection(SolutionProperties) = preSolution
		HideSolutionNode = FALSE
	EndGlobalSection
	GlobalSection(ExtensibilityGlobals) = postSolution
		SolutionGuid = {CBCE464C-0351-481D-95D3-34BAB708C11C}
	EndGlobalSection
EndGlobal
